{
  "name": "swiftcom-root",
  "version": "1.0.0",
  "lockfileVersion": 2,
  "requires": true,
  "packages": {
    "": {
      "name": "swiftcom-root",
      "version": "1.0.0",
      "hasInstallScript": true,
      "license": "ISC",
      "engines": {
        "node": ">=16.0.0",
        "pnpm": ">=7.0.0"
      }
    }
  }
}
